{
  "name": "woomy-online-revitalized",
  "version": "1.0.0",
  "lockfileVersion": 3,
  "requires": true,
  "packages": {
    "": {
      "name": "woomy-online-revitalized",
      "version": "1.0.0",
      "license": "ISC",
      "dependencies": {
        "peerjs-on-node": "^1.0.2",
        "ws": "^8.18.2"
      }
    },
    "node_modules/blob-to-arraybuffer": {
      "version": "0.0.1",
      "resolved": "https://registry.npmjs.org/blob-to-arraybuffer/-/blob-to-arraybuffer-0.0.1.tgz",
      "integrity": "sha512-cn23j+k87nZKnJcBDx/8jyRAPVbBrtZPUBx7xhmRXzdVSsN+k0nRePQuC06tuPqXmcNcHGlt+rs+zrSe5wafKg=="
    },
    "node_modules/domexception": {
      "version": "1.0.1",
      "resolved": "https://registry.npmjs.org/domexception/-/domexception-1.0.1.tgz",
      "integrity": "sha512-raigMkn7CJNNo6Ihro1fzG7wr3fHuYVytzquZKX5n0yizGsTcYgzdIUwj1X9pK0VvjeihV+XiclP+DjwbsSKug==",
      "deprecated": "Use your platform's native DOMException instead",
      "optional": true,
      "dependencies": {
        "webidl-conversions": "^4.0.2"
      }
    },
    "node_modules/domexception/node_modules/webidl-conversions": {
      "version": "4.0.2",
      "resolved": "https://registry.npmjs.org/webidl-conversions/-/webidl-conversions-4.0.2.tgz",
      "integrity": "sha512-YQ+BmxuTgd6UXZW3+ICGfyqRyHXVlD5GtQr5+qjiNW7bF0cqrzX500HVXPBOvgXb5YnzDd+h0zqyv61KUD7+Sg==",
      "optional": true
    },
    "node_modules/filereader": {
      "version": "0.10.3",
      "resolved": "https://registry.npmjs.org/filereader/-/filereader-0.10.3.tgz",
      "integrity": "sha512-7F8w6GSXuHLN80ukaVOcHgBaiTRHUZr8GeEhNdqfAECcnBoROg4i8hTl+KqtF4yUPffOJVHEFg4iDJb7xIYFng=="
    },
    "node_modules/node-blob": {
      "version": "0.0.2",
      "resolved": "https://registry.npmjs.org/node-blob/-/node-blob-0.0.2.tgz",
      "integrity": "sha512-82wiGzMht96gPQDUYaZBdZEVvYD9aEhU6Bt9KLCr4rADZPRd7dQVY2Yj0ZG/1vp4DhVkL49nJT/M3CiMTAt3ag=="
    },
    "node_modules/node-fetch": {
      "version": "2.7.0",
      "resolved": "https://registry.npmjs.org/node-fetch/-/node-fetch-2.7.0.tgz",
      "integrity": "sha512-c4FRfUm/dbcWZ7U+1Wq0AwCyFL+3nt2bEw05wfxSz+DWpWsitgmSgYmy2dQdWyKC1694ELPqMs/YzUSNozLt8A==",
      "dependencies": {
        "whatwg-url": "^5.0.0"
      },
      "engines": {
        "node": "4.x || >=6.0.0"
      },
      "peerDependencies": {
        "encoding": "^0.1.0"
      },
      "peerDependenciesMeta": {
        "encoding": {
          "optional": true
        }
      }
    },
    "node_modules/peerjs-on-node": {
      "version": "1.0.2",
      "resolved": "https://registry.npmjs.org/peerjs-on-node/-/peerjs-on-node-1.0.2.tgz",
      "integrity": "sha512-bb11mMOzawK79zk+/M4YUZndSxZ4XnPJbSmAFJb115C6xzxfbkqbdm0WgJeUrgC2Lvmrl29Tjqmy7xN1hIdENA==",
      "dependencies": {
        "blob-to-arraybuffer": "0.0.1",
        "filereader": "^0.10.3",
        "node-blob": "0.0.2",
        "node-fetch": "^2.6.0",
        "wrtc": "^0.4.2",
        "ws": "^7.2.0"
      }
    },
    "node_modules/peerjs-on-node/node_modules/ws": {
      "version": "7.5.10",
      "resolved": "https://registry.npmjs.org/ws/-/ws-7.5.10.tgz",
      "integrity": "sha512-+dbF1tHwZpXcbOJdVOkzLDxZP1ailvSxM6ZweXTegylPny803bFhA+vqBYw4s31NSAk4S2Qz+AKXK9a4wkdjcQ==",
      "engines": {
        "node": ">=8.3.0"
      },
      "peerDependencies": {
        "bufferutil": "^4.0.1",
        "utf-8-validate": "^5.0.2"
      },
      "peerDependenciesMeta": {
        "bufferutil": {
          "optional": true
        },
        "utf-8-validate": {
          "optional": true
        }
      }
    },
    "node_modules/tr46": {
      "version": "0.0.3",
      "resolved": "https://registry.npmjs.org/tr46/-/tr46-0.0.3.tgz",
      "integrity": "sha512-N3WMsuqV66lT30CrXNbEjx4GEwlow3v6rr4mCcv6prnfwhS01rkgyFdjPNBYd9br7LpXV1+Emh01fHnq2Gdgrw=="
    },
    "node_modules/webidl-conversions": {
      "version": "3.0.1",
      "resolved": "https://registry.npmjs.org/webidl-conversions/-/webidl-conversions-3.0.1.tgz",
      "integrity": "sha512-2JAn3z8AR6rjK8Sm8orRC0h/bcl/DqL7tRPdGZ4I1CjdF+EaMLmYxBHyXuKL849eucPFhvBoxMsflfOb8kxaeQ=="
    },
    "node_modules/whatwg-url": {
      "version": "5.0.0",
      "resolved": "https://registry.npmjs.org/whatwg-url/-/whatwg-url-5.0.0.tgz",
      "integrity": "sha512-saE57nupxk6v3HY35+jzBwYa0rKSy0XR8JSxZPwgLr7ys0IBzhGviA1/TUGJLmSVqs8pb9AnvICXEuOHLprYTw==",
      "dependencies": {
        "tr46": "~0.0.3",
        "webidl-conversions": "^3.0.0"
      }
    },
    "node_modules/wrtc": {
      "version": "0.4.7",
      "resolved": "https://registry.npmjs.org/wrtc/-/wrtc-0.4.7.tgz",
      "integrity": "sha512-P6Hn7VT4lfSH49HxLHcHhDq+aFf/jd9dPY7lDHeFhZ22N3858EKuwm2jmnlPzpsRGEPaoF6XwkcxY5SYnt4f/g==",
      "bundleDependencies": [
        "node-pre-gyp"
      ],
      "hasInstallScript": true,
      "dependencies": {
        "node-pre-gyp": "^0.13.0"
      },
      "engines": {
        "node": "^8.11.2 || >=10.0.0"
      },
      "optionalDependencies": {
        "domexception": "^1.0.1"
      }
    },
    "node_modules/ws": {
      "version": "8.18.3",
      "resolved": "https://registry.npmjs.org/ws/-/ws-8.18.3.tgz",
      "integrity": "sha512-PEIGCY5tSlUt50cqyMXfCzX+oOPqN0vuGqWzbcJ2xvnkzkq46oOpz7dQaTDBdfICb4N14+GARUDw2XV2N4tvzg==",
      "engines": {
        "node": ">=10.0.0"
      },
      "peerDependencies": {
        "bufferutil": "^4.0.1",
        "utf-8-validate": ">=5.0.2"
      },
      "peerDependenciesMeta": {
        "bufferutil": {
          "optional": true
        },
        "utf-8-validate": {
          "optional": true
        }
      }
    }
  }
}
